{
    "version": 3,
    "terraform_version": "0.11.9",
    "serial": 4,
    "lineage": "98a8c843-ae84-b9fe-1218-86ff27653d50",
    "modules": [
        {
            "path": [
                "root"
            ],
            "outputs": {},
            "resources": {
                "aws_instance.murali": {
                    "type": "aws_instance",
                    "depends_on": [],
                    "primary": {
                        "id": "i-0d71ea468591adec8",
                        "attributes": {
                            "ami": "ami-0d773a3b7bb2bb1c1",
                            "arn": "arn:aws:ec2:ap-south-1:448384040018:instance/i-0d71ea468591adec8",
                            "associate_public_ip_address": "true",
                            "availability_zone": "ap-south-1b",
                            "cpu_core_count": "1",
                            "cpu_threads_per_core": "1",
                            "credit_specification.#": "1",
                            "credit_specification.0.cpu_credits": "standard",
                            "disable_api_termination": "false",
                            "ebs_block_device.#": "0",
                            "ebs_optimized": "false",
                            "ephemeral_block_device.#": "0",
                            "get_password_data": "false",
                            "iam_instance_profile": "",
                            "id": "i-0d71ea468591adec8",
                            "instance_state": "running",
                            "instance_type": "t2.micro",
                            "ipv6_addresses.#": "0",
                            "key_name": "ansible",
                            "monitoring": "false",
                            "network_interface.#": "0",
                            "network_interface_id": "eni-02a34f96819112791",
                            "password_data": "",
                            "placement_group": "",
                            "primary_network_interface_id": "eni-02a34f96819112791",
                            "private_dns": "ip-172-31-1-209.ap-south-1.compute.internal",
                            "private_ip": "172.31.1.209",
                            "public_dns": "ec2-13-233-155-105.ap-south-1.compute.amazonaws.com",
                            "public_ip": "13.233.155.105",
                            "root_block_device.#": "1",
                            "root_block_device.0.delete_on_termination": "true",
                            "root_block_device.0.iops": "100",
                            "root_block_device.0.volume_id": "vol-038e58fff08e6a65d",
                            "root_block_device.0.volume_size": "8",
                            "root_block_device.0.volume_type": "gp2",
                            "security_groups.#": "1",
                            "security_groups.1707581467": "sec",
                            "source_dest_check": "true",
                            "subnet_id": "subnet-6dd76321",
                            "tags.%": "1",
                            "tags.Name": "satya",
                            "tenancy": "default",
                            "volume_tags.%": "0",
                            "vpc_security_group_ids.#": "1",
                            "vpc_security_group_ids.1723977193": "sg-09a7e639f6b360a12"
                        },
                        "meta": {
                            "e2bfb730-ecaa-11e6-8f88-34363bc7c4c0": {
                                "create": 600000000000,
                                "delete": 1200000000000,
                                "update": 600000000000
                            },
                            "schema_version": "1"
                        },
                        "tainted": false
                    },
                    "deposed": [],
                    "provider": "provider.aws"
                }
            },
            "depends_on": []
        }
    ]
}
